
Microsoft Visual Studio Solution File, Format Version 12.00
# Visual Studio Version 16
VisualStudioVersion = 16.0.29509.3
MinimumVisualStudioVersion = 10.0.40219.1
Project("{FAE04EC0-301F-11D3-BF4B-00C04F79EFBC}") = "Ejercicio1.UWP", "Ejercicio1.UWP\Ejercicio1.UWP.csproj", "{E796366E-2C32-4F44-BFD4-A79C5882636A}"
EndProject
Project("{FAE04EC0-301F-11D3-BF4B-00C04F79EFBC}") = "Ejercicio1.Android", "Ejercicio1.Android\Ejercicio1.Android.csproj", "{808D277E-9CAB-4DCC-883C-4208F9D98628}"
EndProject
Project("{FAE04EC0-301F-11D3-BF4B-00C04F79EFBC}") = "Ejercicio1.iOS", "Ejercicio1.iOS\Ejercicio1.iOS.csproj", "{AFDA840B-C627-4691-A210-A78E0E2D3D0D}"
EndProject
Project("{FAE04EC0-301F-11D3-BF4B-00C04F79EFBC}") = "Ejercicio1", "Ejercicio1\Ejercicio1.csproj", "{C27BB93D-615A-4CB6-A4BA-19F549DC6868}"
EndProject
Global
	GlobalSection(SolutionConfigurationPlatforms) = preSolution
		Debug|Any CPU = Debug|Any CPU
		Debug|ARM = Debug|ARM
		Debug|iPhone = Debug|iPhone
		Debug|iPhoneSimulator = Debug|iPhoneSimulator
		Debug|x64 = Debug|x64
		Debug|x86 = Debug|x86
		Release|Any CPU = Release|Any CPU
		Release|ARM = Release|ARM
		Release|iPhone = Release|iPhone
		Release|iPhoneSimulator = Release|iPhoneSimulator
		Release|x64 = Release|x64
		Release|x86 = Release|x86
	EndGlobalSection
	GlobalSection(ProjectConfigurationPlatforms) = postSolution
		{E796366E-2C32-4F44-BFD4-A79C5882636A}.Debug|Any CPU.ActiveCfg = Debug|x86
		{E796366E-2C32-4F44-BFD4-A79C5882636A}.Debug|Any CPU.Build.0 = Debug|x86
		{E796366E-2C32-4F44-BFD4-A79C5882636A}.Debug|Any CPU.Deploy.0 = Debug|x86
		{E796366E-2C32-4F44-BFD4-A79C5882636A}.Debug|ARM.ActiveCfg = Debug|ARM
		{E796366E-2C32-4F44-BFD4-A79C5882636A}.Debug|ARM.Build.0 = Debug|ARM
		{E796366E-2C32-4F44-BFD4-A79C5882636A}.Debug|ARM.Deploy.0 = Debug|ARM
		{E796366E-2C32-4F44-BFD4-A79C5882636A}.Debug|iPhone.ActiveCfg = Debug|x86
		{E796366E-2C32-4F44-BFD4-A79C5882636A}.Debug|iPhone.Build.0 = Debug|x86
		{E796366E-2C32-4F44-BFD4-A79C5882636A}.Debug|iPhone.Deploy.0 = Debug|x86
		{E796366E-2C32-4F44-BFD4-A79C5882636A}.Debug|iPhoneSimulator.ActiveCfg = Debug|x86
		{E796366E-2C32-4F44-BFD4-A79C5882636A}.Debug|iPhoneSimulator.Build.0 = Debug|x86
		{E796366E-2C32-4F44-BFD4-A79C5882636A}.Debug|iPhoneSimulator.Deploy.0 = Debug|x86
		{E796366E-2C32-4F44-BFD4-A79C5882636A}.Debug|x64.ActiveCfg = Debug|x64
		{E796366E-2C32-4F44-BFD4-A79C5882636A}.Debug|x64.Build.0 = Debug|x64
		{E796366E-2C32-4F44-BFD4-A79C5882636A}.Debug|x64.Deploy.0 = Debug|x64
		{E796366E-2C32-4F44-BFD4-A79C5882636A}.Debug|x86.ActiveCfg = Debug|x86
		{E796366E-2C32-4F44-BFD4-A79C5882636A}.Debug|x86.Build.0 = Debug|x86
		{E796366E-2C32-4F44-BFD4-A79C5882636A}.Debug|x86.Deploy.0 = Debug|x86
		{E796366E-2C32-4F44-BFD4-A79C5882636A}.Release|Any CPU.ActiveCfg = Release|x86
		{E796366E-2C32-4F44-BFD4-A79C5882636A}.Release|Any CPU.Build.0 = Release|x86
		{E796366E-2C32-4F44-BFD4-A79C5882636A}.Release|Any CPU.Deploy.0 = Release|x86
		{E796366E-2C32-4F44-BFD4-A79C5882636A}.Release|ARM.ActiveCfg = Release|ARM
		{E796366E-2C32-4F44-BFD4-A79C5882636A}.Release|ARM.Build.0 = Release|ARM
		{E796366E-2C32-4F44-BFD4-A79C5882636A}.Release|ARM.Deploy.0 = Release|ARM
		{E796366E-2C32-4F44-BFD4-A79C5882636A}.Release|iPhone.ActiveCfg = Release|x86
		{E796366E-2C32-4F44-BFD4-A79C5882636A}.Release|iPhone.Build.0 = Release|x86
		{E796366E-2C32-4F44-BFD4-A79C5882636A}.Release|iPhone.Deploy.0 = Release|x86
		{E796366E-2C32-4F44-BFD4-A79C5882636A}.Release|iPhoneSimulator.ActiveCfg = Release|x86
		{E796366E-2C32-4F44-BFD4-A79C5882636A}.Release|iPhoneSimulator.Build.0 = Release|x86
		{E796366E-2C32-4F44-BFD4-A79C5882636A}.Release|iPhoneSimulator.Deploy.0 = Release|x86
		{E796366E-2C32-4F44-BFD4-A79C5882636A}.Release|x64.ActiveCfg = Release|x64
		{E796366E-2C32-4F44-BFD4-A79C5882636A}.Release|x64.Build.0 = Release|x64
		{E796366E-2C32-4F44-BFD4-A79C5882636A}.Release|x64.Deploy.0 = Release|x64
		{E796366E-2C32-4F44-BFD4-A79C5882636A}.Release|x86.ActiveCfg = Release|x86
		{E796366E-2C32-4F44-BFD4-A79C5882636A}.Release|x86.Build.0 = Release|x86
		{E796366E-2C32-4F44-BFD4-A79C5882636A}.Release|x86.Deploy.0 = Release|x86
		{808D277E-9CAB-4DCC-883C-4208F9D98628}.Debug|Any CPU.ActiveCfg = Debug|Any CPU
		{808D277E-9CAB-4DCC-883C-4208F9D98628}.Debug|Any CPU.Build.0 = Debug|Any CPU
		{808D277E-9CAB-4DCC-883C-4208F9D98628}.Debug|Any CPU.Deploy.0 = Debug|Any CPU
		{808D277E-9CAB-4DCC-883C-4208F9D98628}.Debug|ARM.ActiveCfg = Debug|Any CPU
		{808D277E-9CAB-4DCC-883C-4208F9D98628}.Debug|ARM.Build.0 = Debug|Any CPU
		{808D277E-9CAB-4DCC-883C-4208F9D98628}.Debug|ARM.Deploy.0 = Debug|Any CPU
		{808D277E-9CAB-4DCC-883C-4208F9D98628}.Debug|iPhone.ActiveCfg = Debug|Any CPU
		{808D277E-9CAB-4DCC-883C-4208F9D98628}.Debug|iPhone.Build.0 = Debug|Any CPU
		{808D277E-9CAB-4DCC-883C-4208F9D98628}.Debug|iPhone.Deploy.0 = Debug|Any CPU
		{808D277E-9CAB-4DCC-883C-4208F9D98628}.Debug|iPhoneSimulator.ActiveCfg = Debug|Any CPU
		{808D277E-9CAB-4DCC-883C-4208F9D98628}.Debug|iPhoneSimulator.Build.0 = Debug|Any CPU
		{808D277E-9CAB-4DCC-883C-4208F9D98628}.Debug|iPhoneSimulator.Deploy.0 = Debug|Any CPU
		{808D277E-9CAB-4DCC-883C-4208F9D98628}.Debug|x64.ActiveCfg = Debug|Any CPU
		{808D277E-9CAB-4DCC-883C-4208F9D98628}.Debug|x64.Build.0 = Debug|Any CPU
		{808D277E-9CAB-4DCC-883C-4208F9D98628}.Debug|x64.Deploy.0 = Debug|Any CPU
		{808D277E-9CAB-4DCC-883C-4208F9D98628}.Debug|x86.ActiveCfg = Debug|Any CPU
		{808D277E-9CAB-4DCC-883C-4208F9D98628}.Debug|x86.Build.0 = Debug|Any CPU
		{808D277E-9CAB-4DCC-883C-4208F9D98628}.Debug|x86.Deploy.0 = Debug|Any CPU
		{808D277E-9CAB-4DCC-883C-4208F9D98628}.Release|Any CPU.ActiveCfg = Release|Any CPU
		{808D277E-9CAB-4DCC-883C-4208F9D98628}.Release|Any CPU.Build.0 = Release|Any CPU
		{808D277E-9CAB-4DCC-883C-4208F9D98628}.Release|Any CPU.Deploy.0 = Release|Any CPU
		{808D277E-9CAB-4DCC-883C-4208F9D98628}.Release|ARM.ActiveCfg = Release|Any CPU
		{808D277E-9CAB-4DCC-883C-4208F9D98628}.Release|ARM.Build.0 = Release|Any CPU
		{808D277E-9CAB-4DCC-883C-4208F9D98628}.Release|ARM.Deploy.0 = Release|Any CPU
		{808D277E-9CAB-4DCC-883C-4208F9D98628}.Release|iPhone.ActiveCfg = Release|Any CPU
		{808D277E-9CAB-4DCC-883C-4208F9D98628}.Release|iPhone.Build.0 = Release|Any CPU
		{808D277E-9CAB-4DCC-883C-4208F9D98628}.Release|iPhone.Deploy.0 = Release|Any CPU
		{808D277E-9CAB-4DCC-883C-4208F9D98628}.Release|iPhoneSimulator.ActiveCfg = Release|Any CPU
		{808D277E-9CAB-4DCC-883C-4208F9D98628}.Release|iPhoneSimulator.Build.0 = Release|Any CPU
		{808D277E-9CAB-4DCC-883C-4208F9D98628}.Release|iPhoneSimulator.Deploy.0 = Release|Any CPU
		{808D277E-9CAB-4DCC-883C-4208F9D98628}.Release|x64.ActiveCfg = Release|Any CPU
		{808D277E-9CAB-4DCC-883C-4208F9D98628}.Release|x64.Build.0 = Release|Any CPU
		{808D277E-9CAB-4DCC-883C-4208F9D98628}.Release|x64.Deploy.0 = Release|Any CPU
		{808D277E-9CAB-4DCC-883C-4208F9D98628}.Release|x86.ActiveCfg = Release|Any CPU
		{808D277E-9CAB-4DCC-883C-4208F9D98628}.Release|x86.Build.0 = Release|Any CPU
		{808D277E-9CAB-4DCC-883C-4208F9D98628}.Release|x86.Deploy.0 = Release|Any CPU
		{AFDA840B-C627-4691-A210-A78E0E2D3D0D}.Debug|Any CPU.ActiveCfg = Debug|iPhone
		{AFDA840B-C627-4691-A210-A78E0E2D3D0D}.Debug|Any CPU.Build.0 = Debug|iPhone
		{AFDA840B-C627-4691-A210-A78E0E2D3D0D}.Debug|Any CPU.Deploy.0 = Debug|iPhone
		{AFDA840B-C627-4691-A210-A78E0E2D3D0D}.Debug|ARM.ActiveCfg = Debug|iPhoneSimulator
		{AFDA840B-C627-4691-A210-A78E0E2D3D0D}.Debug|ARM.Build.0 = Debug|iPhoneSimulator
		{AFDA840B-C627-4691-A210-A78E0E2D3D0D}.Debug|ARM.Deploy.0 = Debug|iPhoneSimulator
		{AFDA840B-C627-4691-A210-A78E0E2D3D0D}.Debug|iPhone.ActiveCfg = Debug|iPhone
		{AFDA840B-C627-4691-A210-A78E0E2D3D0D}.Debug|iPhone.Build.0 = Debug|iPhone
		{AFDA840B-C627-4691-A210-A78E0E2D3D0D}.Debug|iPhone.Deploy.0 = Debug|iPhone
		{AFDA840B-C627-4691-A210-A78E0E2D3D0D}.Debug|iPhoneSimulator.ActiveCfg = Debug|iPhoneSimulator
		{AFDA840B-C627-4691-A210-A78E0E2D3D0D}.Debug|iPhoneSimulator.Build.0 = Debug|iPhoneSimulator
		{AFDA840B-C627-4691-A210-A78E0E2D3D0D}.Debug|iPhoneSimulator.Deploy.0 = Debug|iPhoneSimulator
		{AFDA840B-C627-4691-A210-A78E0E2D3D0D}.Debug|x64.ActiveCfg = Debug|iPhone
		{AFDA840B-C627-4691-A210-A78E0E2D3D0D}.Debug|x64.Build.0 = Debug|iPhone
		{AFDA840B-C627-4691-A210-A78E0E2D3D0D}.Debug|x64.Deploy.0 = Debug|iPhone
		{AFDA840B-C627-4691-A210-A78E0E2D3D0D}.Debug|x86.ActiveCfg = Debug|iPhone
		{AFDA840B-C627-4691-A210-A78E0E2D3D0D}.Debug|x86.Build.0 = Debug|iPhone
		{AFDA840B-C627-4691-A210-A78E0E2D3D0D}.Debug|x86.Deploy.0 = Debug|iPhone
		{AFDA840B-C627-4691-A210-A78E0E2D3D0D}.Release|Any CPU.ActiveCfg = Release|iPhone
		{AFDA840B-C627-4691-A210-A78E0E2D3D0D}.Release|Any CPU.Build.0 = Release|iPhone
		{AFDA840B-C627-4691-A210-A78E0E2D3D0D}.Release|Any CPU.Deploy.0 = Release|iPhone
		{AFDA840B-C627-4691-A210-A78E0E2D3D0D}.Release|ARM.ActiveCfg = Release|iPhone
		{AFDA840B-C627-4691-A210-A78E0E2D3D0D}.Release|ARM.Build.0 = Release|iPhone
		{AFDA840B-C627-4691-A210-A78E0E2D3D0D}.Release|ARM.Deploy.0 = Release|iPhone
		{AFDA840B-C627-4691-A210-A78E0E2D3D0D}.Release|iPhone.ActiveCfg = Release|iPhone
		{AFDA840B-C627-4691-A210-A78E0E2D3D0D}.Release|iPhone.Build.0 = Release|iPhone
		{AFDA840B-C627-4691-A210-A78E0E2D3D0D}.Release|iPhone.Deploy.0 = Release|iPhone
		{AFDA840B-C627-4691-A210-A78E0E2D3D0D}.Release|iPhoneSimulator.ActiveCfg = Release|iPhoneSimulator
		{AFDA840B-C627-4691-A210-A78E0E2D3D0D}.Release|iPhoneSimulator.Build.0 = Release|iPhoneSimulator
		{AFDA840B-C627-4691-A210-A78E0E2D3D0D}.Release|iPhoneSimulator.Deploy.0 = Release|iPhoneSimulator
		{AFDA840B-C627-4691-A210-A78E0E2D3D0D}.Release|x64.ActiveCfg = Release|iPhone
		{AFDA840B-C627-4691-A210-A78E0E2D3D0D}.Release|x64.Build.0 = Release|iPhone
		{AFDA840B-C627-4691-A210-A78E0E2D3D0D}.Release|x64.Deploy.0 = Release|iPhone
		{AFDA840B-C627-4691-A210-A78E0E2D3D0D}.Release|x86.ActiveCfg = Release|iPhone
		{AFDA840B-C627-4691-A210-A78E0E2D3D0D}.Release|x86.Build.0 = Release|iPhone
		{AFDA840B-C627-4691-A210-A78E0E2D3D0D}.Release|x86.Deploy.0 = Release|iPhone
		{C27BB93D-615A-4CB6-A4BA-19F549DC6868}.Debug|Any CPU.ActiveCfg = Debug|Any CPU
		{C27BB93D-615A-4CB6-A4BA-19F549DC6868}.Debug|Any CPU.Build.0 = Debug|Any CPU
		{C27BB93D-615A-4CB6-A4BA-19F549DC6868}.Debug|Any CPU.Deploy.0 = Debug|Any CPU
		{C27BB93D-615A-4CB6-A4BA-19F549DC6868}.Debug|ARM.ActiveCfg = Debug|Any CPU
		{C27BB93D-615A-4CB6-A4BA-19F549DC6868}.Debug|ARM.Build.0 = Debug|Any CPU
		{C27BB93D-615A-4CB6-A4BA-19F549DC6868}.Debug|ARM.Deploy.0 = Debug|Any CPU
		{C27BB93D-615A-4CB6-A4BA-19F549DC6868}.Debug|iPhone.ActiveCfg = Debug|Any CPU
		{C27BB93D-615A-4CB6-A4BA-19F549DC6868}.Debug|iPhone.Build.0 = Debug|Any CPU
		{C27BB93D-615A-4CB6-A4BA-19F549DC6868}.Debug|iPhone.Deploy.0 = Debug|Any CPU
		{C27BB93D-615A-4CB6-A4BA-19F549DC6868}.Debug|iPhoneSimulator.ActiveCfg = Debug|Any CPU
		{C27BB93D-615A-4CB6-A4BA-19F549DC6868}.Debug|iPhoneSimulator.Build.0 = Debug|Any CPU
		{C27BB93D-615A-4CB6-A4BA-19F549DC6868}.Debug|iPhoneSimulator.Deploy.0 = Debug|Any CPU
		{C27BB93D-615A-4CB6-A4BA-19F549DC6868}.Debug|x64.ActiveCfg = Debug|Any CPU
		{C27BB93D-615A-4CB6-A4BA-19F549DC6868}.Debug|x64.Build.0 = Debug|Any CPU
		{C27BB93D-615A-4CB6-A4BA-19F549DC6868}.Debug|x64.Deploy.0 = Debug|Any CPU
		{C27BB93D-615A-4CB6-A4BA-19F549DC6868}.Debug|x86.ActiveCfg = Debug|Any CPU
		{C27BB93D-615A-4CB6-A4BA-19F549DC6868}.Debug|x86.Build.0 = Debug|Any CPU
		{C27BB93D-615A-4CB6-A4BA-19F549DC6868}.Debug|x86.Deploy.0 = Debug|Any CPU
		{C27BB93D-615A-4CB6-A4BA-19F549DC6868}.Release|Any CPU.ActiveCfg = Release|Any CPU
		{C27BB93D-615A-4CB6-A4BA-19F549DC6868}.Release|Any CPU.Build.0 = Release|Any CPU
		{C27BB93D-615A-4CB6-A4BA-19F549DC6868}.Release|Any CPU.Deploy.0 = Release|Any CPU
		{C27BB93D-615A-4CB6-A4BA-19F549DC6868}.Release|ARM.ActiveCfg = Release|Any CPU
		{C27BB93D-615A-4CB6-A4BA-19F549DC6868}.Release|ARM.Build.0 = Release|Any CPU
		{C27BB93D-615A-4CB6-A4BA-19F549DC6868}.Release|ARM.Deploy.0 = Release|Any CPU
		{C27BB93D-615A-4CB6-A4BA-19F549DC6868}.Release|iPhone.ActiveCfg = Release|Any CPU
		{C27BB93D-615A-4CB6-A4BA-19F549DC6868}.Release|iPhone.Build.0 = Release|Any CPU
		{C27BB93D-615A-4CB6-A4BA-19F549DC6868}.Release|iPhone.Deploy.0 = Release|Any CPU
		{C27BB93D-615A-4CB6-A4BA-19F549DC6868}.Release|iPhoneSimulator.ActiveCfg = Release|Any CPU
		{C27BB93D-615A-4CB6-A4BA-19F549DC6868}.Release|iPhoneSimulator.Build.0 = Release|Any CPU
		{C27BB93D-615A-4CB6-A4BA-19F549DC6868}.Release|iPhoneSimulator.Deploy.0 = Release|Any CPU
		{C27BB93D-615A-4CB6-A4BA-19F549DC6868}.Release|x64.ActiveCfg = Release|Any CPU
		{C27BB93D-615A-4CB6-A4BA-19F549DC6868}.Release|x64.Build.0 = Release|Any CPU
		{C27BB93D-615A-4CB6-A4BA-19F549DC6868}.Release|x64.Deploy.0 = Release|Any CPU
		{C27BB93D-615A-4CB6-A4BA-19F549DC6868}.Release|x86.ActiveCfg = Release|Any CPU
		{C27BB93D-615A-4CB6-A4BA-19F549DC6868}.Release|x86.Build.0 = Release|Any CPU
		{C27BB93D-615A-4CB6-A4BA-19F549DC6868}.Release|x86.Deploy.0 = Release|Any CPU
	EndGlobalSection
	GlobalSection(SolutionProperties) = preSolution
		HideSolutionNode = FALSE
	EndGlobalSection
	GlobalSection(ExtensibilityGlobals) = postSolution
		SolutionGuid = {198372E4-52EA-443F-946E-9C75C14D3799}
	EndGlobalSection
EndGlobal
